<?xml version="1.0" encoding="utf-8"?>
<Project DefaultTargets="Build" ToolsVersion="4.0" xmlns="http://schemas.microsoft.com/developer/msbuild/2003">
  <PropertyGroup>
    <Configuration Condition=" '$(Configuration)' == '' ">Debug</Configuration>
    <Platform Condition=" '$(Platform)' == '' ">AnyCPU</Platform>
    <ProductVersion>10.0.0</ProductVersion>
    <SchemaVersion>2.0</SchemaVersion>
    <ProjectGuid>{390B42B6-D7F3-4977-BB3A-4D1669AB75FA}</ProjectGuid>
    <UseDefaultCompiler>True</UseDefaultCompiler>
    <IncrementalLinking>True</IncrementalLinking>
    <PreferOneStepBuild>True</PreferOneStepBuild>
    <Compiler>DMD</Compiler>
    <Includes>
      <Includes>
        <Path>/usr/include/derelict2/import</Path>
      </Includes>
    </Includes>
  </PropertyGroup>
  <PropertyGroup Condition=" '$(Configuration)|$(Platform)' == 'Debug|AnyCPU' ">
    <DebugSymbols>True</DebugSymbols>
    <OutputPath>bin\Debug</OutputPath>
    <UnittestMode>False</UnittestMode>
    <ObjectsDirectory>obj/Debug</ObjectsDirectory>
    <DebugLevel>0</DebugLevel>
    <Externalconsole>True</Externalconsole>
    <Target>Executable</Target>
    <OutputName>raytracing</OutputName>
    <ExtraLinkerArguments>-L-L/usr/lib/derelict2
-L-lDerelictSDL
-L-lDerelictUtil
-L-ldl</ExtraLinkerArguments>
    <ExtraCompilerArguments>-gc</ExtraCompilerArguments>
  </PropertyGroup>
  <PropertyGroup Condition=" '$(Configuration)|$(Platform)' == 'Release|AnyCPU' ">
    <OutputPath>bin\Release</OutputPath>
    <UnittestMode>False</UnittestMode>
    <ObjectsDirectory>obj/Release</ObjectsDirectory>
    <DebugLevel>0</DebugLevel>
    <Externalconsole>True</Externalconsole>
    <Target>Executable</Target>
    <OutputName>raytracing</OutputName>
    <ExtraLinkerArguments>-L-L/usr/lib/derelict2
-L-lDerelictSDL
-L-lDerelictUtil
-L-ldl</ExtraLinkerArguments>
    <ExtraCompilerArguments>-inline
-noboundscheck</ExtraCompilerArguments>
  </PropertyGroup>
  <PropertyGroup Condition=" '$(Configuration)|$(Platform)' == 'Unittest|AnyCPU' ">
    <DebugSymbols>True</DebugSymbols>
    <OutputPath>bin\Unittest</OutputPath>
    <UnittestMode>True</UnittestMode>
    <ObjectsDirectory>obj/Unittest</ObjectsDirectory>
    <DebugLevel>0</DebugLevel>
    <Externalconsole>True</Externalconsole>
    <Target>Executable</Target>
    <OutputName>raytracing</OutputName>
  </PropertyGroup>
  <ItemGroup>
    <Compile Include="main.d" />
    <Compile Include="raytracing\box.d" />
    <Compile Include="raytracing\ray.d" />
    <Compile Include="raytracing\surface.d" />
    <Compile Include="raytracing\vector.d" />
    <Compile Include="raytracing\sphere.d" />
    <Compile Include="raytracing\scene.d" />
    <Compile Include="raytracing\material.d" />
    <Compile Include="raytracing\light.d" />
    <Compile Include="raytracing\math.d" />
    <Compile Include="raytracing\triangle.d" />
    <Compile Include="raytracing\mesh.d" />
    <Compile Include="raytracing\meshloader.d" />
    <Compile Include="raytracing\bvh.d" />
  </ItemGroup>
  <ItemGroup>
    <Folder Include="raytracing\" />
  </ItemGroup>
</Project>